
Microsoft Visual Studio Solution File, Format Version 12.00
# Visual Studio Version 17
VisualStudioVersion = 17.5.002.0
MinimumVisualStudioVersion = 10.0.40219.1
Project("{9A19103F-16F7-4668-BE54-9A1E7A4F7556}") = "RecipesApiUnitTests", "RecipesApiUnitTests.csproj", "{607AAC1B-1401-4E45-B543-36B870100B9D}"
EndProject
Global
	GlobalSection(SolutionConfigurationPlatforms) = preSolution
		Debug|Any CPU = Debug|Any CPU
		Release|Any CPU = Release|Any CPU
	EndGlobalSection
	GlobalSection(ProjectConfigurationPlatforms) = postSolution
		{607AAC1B-1401-4E45-B543-36B870100B9D}.Debug|Any CPU.ActiveCfg = Debug|Any CPU
		{607AAC1B-1401-4E45-B543-36B870100B9D}.Debug|Any CPU.Build.0 = Debug|Any CPU
		{607AAC1B-1401-4E45-B543-36B870100B9D}.Release|Any CPU.ActiveCfg = Release|Any CPU
		{607AAC1B-1401-4E45-B543-36B870100B9D}.Release|Any CPU.Build.0 = Release|Any CPU
	EndGlobalSection
	GlobalSection(SolutionProperties) = preSolution
		HideSolutionNode = FALSE
	EndGlobalSection
	GlobalSection(ExtensibilityGlobals) = postSolution
		SolutionGuid = {C1B68C0A-BADF-4AEA-B14E-BD92E02620EF}
	EndGlobalSection
EndGlobal
